
Microsoft Visual Studio Solution File, Format Version 12.00
# Visual Studio 15
VisualStudioVersion = 15.0.28307.705
MinimumVisualStudioVersion = 10.0.40219.1
Project("{9A19103F-16F7-4668-BE54-9A1E7A4F7556}") = "lab7_electricity_system_simulation", "ElectricitySystem\lab7_electricity_system_simulation.csproj", "{3122FD37-56C9-4894-947D-58EA46F8398B}"
EndProject
Global
	GlobalSection(SolutionConfigurationPlatforms) = preSolution
		Debug|Any CPU = Debug|Any CPU
		Release|Any CPU = Release|Any CPU
	EndGlobalSection
	GlobalSection(ProjectConfigurationPlatforms) = postSolution
		{3122FD37-56C9-4894-947D-58EA46F8398B}.Debug|Any CPU.ActiveCfg = Debug|Any CPU
		{3122FD37-56C9-4894-947D-58EA46F8398B}.Debug|Any CPU.Build.0 = Debug|Any CPU
		{3122FD37-56C9-4894-947D-58EA46F8398B}.Release|Any CPU.ActiveCfg = Release|Any CPU
		{3122FD37-56C9-4894-947D-58EA46F8398B}.Release|Any CPU.Build.0 = Release|Any CPU
	EndGlobalSection
	GlobalSection(SolutionProperties) = preSolution
		HideSolutionNode = FALSE
	EndGlobalSection
	GlobalSection(ExtensibilityGlobals) = postSolution
		SolutionGuid = {50984AD6-B6CA-4B41-A570-44598D0EC59D}
	EndGlobalSection
EndGlobal
